
Microsoft Visual Studio Solution File, Format Version 12.00
# Visual Studio Version 17
VisualStudioVersion = 17.10.35013.160
MinimumVisualStudioVersion = 10.0.40219.1
Project("{FAE04EC0-301F-11D3-BF4B-00C04F79EFBC}") = "HomeWork3", "HomeWork3\HomeWork3.csproj", "{8343C137-9DD8-4E11-852D-133EB166D95B}"
EndProject
Project("{FAE04EC0-301F-11D3-BF4B-00C04F79EFBC}") = "HomeWork1", "HomeWork1\HomeWork1.csproj", "{F01915C2-7094-4188-9536-645300DF2DE5}"
EndProject
Project("{FAE04EC0-301F-11D3-BF4B-00C04F79EFBC}") = "HomeWork4", "..\..\..\Desktop\Цифра домашки\HomeWork4\HomeWork4.csproj", "{B622FA33-5CB0-4D63-AA33-AB76C5CF052A}"
EndProject
Global
	GlobalSection(SolutionConfigurationPlatforms) = preSolution
		Debug|Any CPU = Debug|Any CPU
		Release|Any CPU = Release|Any CPU
	EndGlobalSection
	GlobalSection(ProjectConfigurationPlatforms) = postSolution
		{8343C137-9DD8-4E11-852D-133EB166D95B}.Debug|Any CPU.ActiveCfg = Debug|Any CPU
		{8343C137-9DD8-4E11-852D-133EB166D95B}.Debug|Any CPU.Build.0 = Debug|Any CPU
		{8343C137-9DD8-4E11-852D-133EB166D95B}.Release|Any CPU.ActiveCfg = Release|Any CPU
		{8343C137-9DD8-4E11-852D-133EB166D95B}.Release|Any CPU.Build.0 = Release|Any CPU
		{F01915C2-7094-4188-9536-645300DF2DE5}.Debug|Any CPU.ActiveCfg = Debug|Any CPU
		{F01915C2-7094-4188-9536-645300DF2DE5}.Debug|Any CPU.Build.0 = Debug|Any CPU
		{F01915C2-7094-4188-9536-645300DF2DE5}.Release|Any CPU.ActiveCfg = Release|Any CPU
		{F01915C2-7094-4188-9536-645300DF2DE5}.Release|Any CPU.Build.0 = Release|Any CPU
		{B622FA33-5CB0-4D63-AA33-AB76C5CF052A}.Debug|Any CPU.ActiveCfg = Debug|Any CPU
		{B622FA33-5CB0-4D63-AA33-AB76C5CF052A}.Debug|Any CPU.Build.0 = Debug|Any CPU
		{B622FA33-5CB0-4D63-AA33-AB76C5CF052A}.Release|Any CPU.ActiveCfg = Release|Any CPU
		{B622FA33-5CB0-4D63-AA33-AB76C5CF052A}.Release|Any CPU.Build.0 = Release|Any CPU
	EndGlobalSection
	GlobalSection(SolutionProperties) = preSolution
		HideSolutionNode = FALSE
	EndGlobalSection
	GlobalSection(ExtensibilityGlobals) = postSolution
		SolutionGuid = {28514710-7B9B-43AD-833D-DFDE85DE705C}
	EndGlobalSection
EndGlobal
